{
  "name": "wtvr-expressive-text",
  "version": "0.1.0",
  "lockfileVersion": 1,
  "requires": true,
  "dependencies": {
    "wtvr-element": {
      "version": "git+https://github.com/wtvr-engine/wtvr-element.git#59ab3b4e2e3f5f8bfd653efde6141f9dcabee668",
      "from": "git+https://github.com/wtvr-engine/wtvr-element.git"
    }
  }
}
