{
  "name": "wtvr-expressive-text",
  "version": "0.1.0",
  "lockfileVersion": 1,
  "requires": true,
  "dependencies": {
    "wtvr-cli": {
      "version": "git+https://github.com/wtvr-engine/wtvr-cli.git#9b895b4ad102eec7a5e131edbc0bfe5d25d35099",
      "from": "git+https://github.com/wtvr-engine/wtvr-cli.git"
    },
    "wtvr-element": {
      "version": "git+https://github.com/wtvr-engine/wtvr-element.git#4302bde5ea4f32c1bc0ee79ca842ac1f555aa3a8",
      "from": "git+https://github.com/wtvr-engine/wtvr-element.git"
    }
  }
}
